
Microsoft Visual Studio Solution File, Format Version 12.00
# Visual Studio 15
VisualStudioVersion = 15.0.27428.2015
MinimumVisualStudioVersion = 10.0.40219.1
Project("{FAE04EC0-301F-11D3-BF4B-00C04F79EFBC}") = "OCGDS", "OCGDS\OCGDS.csproj", "{634A4928-D156-4736-886F-47234EADA647}"
EndProject
Project("{FAE04EC0-301F-11D3-BF4B-00C04F79EFBC}") = "OCGDS.DSModel", "OCGDS.DSModel\OCGDS.DSModel.csproj", "{467A72A0-6D41-44CB-AD95-B3DCD955207E}"
EndProject
Project("{FAE04EC0-301F-11D3-BF4B-00C04F79EFBC}") = "OCGDS.MIMResourceRepo", "OCGDS.MIMResourceRepo\OCGDS.MIMResourceRepo.csproj", "{B11F1660-CDE0-481F-AD0C-6F315D4E7088}"
EndProject
Project("{FAE04EC0-301F-11D3-BF4B-00C04F79EFBC}") = "OCGDS.AzureResourceRepo", "OCGDS.AzureResourceRepo\OCGDS.AzureResourceRepo.csproj", "{89AF7C90-1236-43C7-BD3B-11D816631BF9}"
EndProject
Project("{FAE04EC0-301F-11D3-BF4B-00C04F79EFBC}") = "LicenseManager.Client", "OCGLibraries\LicenseManager.Client\LicenseManager.Client.csproj", "{6453CB42-F748-4211-A2DE-4E055EA30EFB}"
EndProject
Project("{FAE04EC0-301F-11D3-BF4B-00C04F79EFBC}") = "LicenseManager.Utils", "OCGLibraries\LicenseManager.Utils\LicenseManager.Utils.csproj", "{8D71F9FF-2421-4FA7-A24B-31FDD7144C52}"
EndProject
Project("{FAE04EC0-301F-11D3-BF4B-00C04F79EFBC}") = "LicenseManager.Utils.UnitTest", "OCGLibraries\LicenseManager.Utils.UnitTest\LicenseManager.Utils.UnitTest.csproj", "{16040057-5D97-41F8-BFF7-8528C9FA5D2F}"
EndProject
Project("{2150E333-8FDC-42A3-9474-1A3956D46DE8}") = "OCGLicense", "OCGLicense", "{45122545-D173-4831-87C7-48B2669D96D5}"
EndProject
Project("{2150E333-8FDC-42A3-9474-1A3956D46DE8}") = "OCGResource", "OCGResource", "{D8D97FF1-E8FA-47D4-B644-24F68C804F8A}"
EndProject
Project("{FAE04EC0-301F-11D3-BF4B-00C04F79EFBC}") = "OCG.ResourceManagement.Client", "OCGLibraries\OCG.ResourceManagement.Client\OCG.ResourceManagement.Client.csproj", "{6CDD46BF-E852-4B5B-9ABA-F630EA6DFDE2}"
EndProject
Project("{FAE04EC0-301F-11D3-BF4B-00C04F79EFBC}") = "OCG.ResourceManagement.Control", "OCGLibraries\OCG.ResourceManagement.Control\OCG.ResourceManagement.Control.csproj", "{BC2EA73B-9AF7-41A3-9003-A552D8D8327A}"
EndProject
Project("{FAE04EC0-301F-11D3-BF4B-00C04F79EFBC}") = "OCG.ResourceManagement.DBAccess", "OCGLibraries\OCG.ResourceManagement.DBAccess\OCG.ResourceManagement.DBAccess.csproj", "{861EE47A-7FFB-42C8-9ECE-4D654D1BE945}"
EndProject
Project("{FAE04EC0-301F-11D3-BF4B-00C04F79EFBC}") = "OCG.ResourceManagement.ObjectModel", "OCGLibraries\OCG.ResourceManagement.ObjectModel\OCG.ResourceManagement.ObjectModel.csproj", "{758D1DED-049C-4B96-82AA-A0B50D0CCD88}"
EndProject
Project("{FAE04EC0-301F-11D3-BF4B-00C04F79EFBC}") = "OCG.ResourceManagement.PortalServiceModel", "OCGLibraries\OCG.ResourceManagement.PortalServiceModel\OCG.ResourceManagement.PortalServiceModel.csproj", "{668BF952-DF32-407A-B45F-C22E7A14E8FE}"
EndProject
Project("{2150E333-8FDC-42A3-9474-1A3956D46DE8}") = "OCGCommon", "OCGCommon", "{296A6205-0F2F-4E4B-9A3D-66870F656D5F}"
EndProject
Project("{FAE04EC0-301F-11D3-BF4B-00C04F79EFBC}") = "OCG.Security", "OCGLibraries\OCG.Security\OCG.Security.csproj", "{0C05E240-D568-494E-A6F8-704EFD8019DD}"
EndProject
Project("{FAE04EC0-301F-11D3-BF4B-00C04F79EFBC}") = "OCG.Utility", "OCGLibraries\OCG.Utility\OCG.Utility.csproj", "{BE54F1E7-0C59-42A2-80E4-39CCA6B293C6}"
EndProject
Project("{FAE04EC0-301F-11D3-BF4B-00C04F79EFBC}") = "OCG.ExceptionHandler", "OCGLibraries\OCG.ExceptionHandler\OCG.ExceptionHandler.csproj", "{5CE380B9-A801-45DB-9F06-54974EF3CF29}"
EndProject
Global
	GlobalSection(SolutionConfigurationPlatforms) = preSolution
		Debug|Any CPU = Debug|Any CPU
		Release|Any CPU = Release|Any CPU
	EndGlobalSection
	GlobalSection(ProjectConfigurationPlatforms) = postSolution
		{634A4928-D156-4736-886F-47234EADA647}.Debug|Any CPU.ActiveCfg = Debug|Any CPU
		{634A4928-D156-4736-886F-47234EADA647}.Debug|Any CPU.Build.0 = Debug|Any CPU
		{634A4928-D156-4736-886F-47234EADA647}.Release|Any CPU.ActiveCfg = Release|Any CPU
		{634A4928-D156-4736-886F-47234EADA647}.Release|Any CPU.Build.0 = Release|Any CPU
		{467A72A0-6D41-44CB-AD95-B3DCD955207E}.Debug|Any CPU.ActiveCfg = Debug|Any CPU
		{467A72A0-6D41-44CB-AD95-B3DCD955207E}.Debug|Any CPU.Build.0 = Debug|Any CPU
		{467A72A0-6D41-44CB-AD95-B3DCD955207E}.Release|Any CPU.ActiveCfg = Release|Any CPU
		{467A72A0-6D41-44CB-AD95-B3DCD955207E}.Release|Any CPU.Build.0 = Release|Any CPU
		{B11F1660-CDE0-481F-AD0C-6F315D4E7088}.Debug|Any CPU.ActiveCfg = Debug|Any CPU
		{B11F1660-CDE0-481F-AD0C-6F315D4E7088}.Debug|Any CPU.Build.0 = Debug|Any CPU
		{B11F1660-CDE0-481F-AD0C-6F315D4E7088}.Release|Any CPU.ActiveCfg = Release|Any CPU
		{B11F1660-CDE0-481F-AD0C-6F315D4E7088}.Release|Any CPU.Build.0 = Release|Any CPU
		{89AF7C90-1236-43C7-BD3B-11D816631BF9}.Debug|Any CPU.ActiveCfg = Debug|Any CPU
		{89AF7C90-1236-43C7-BD3B-11D816631BF9}.Debug|Any CPU.Build.0 = Debug|Any CPU
		{89AF7C90-1236-43C7-BD3B-11D816631BF9}.Release|Any CPU.ActiveCfg = Release|Any CPU
		{89AF7C90-1236-43C7-BD3B-11D816631BF9}.Release|Any CPU.Build.0 = Release|Any CPU
		{6453CB42-F748-4211-A2DE-4E055EA30EFB}.Debug|Any CPU.ActiveCfg = Debug|Any CPU
		{6453CB42-F748-4211-A2DE-4E055EA30EFB}.Debug|Any CPU.Build.0 = Debug|Any CPU
		{6453CB42-F748-4211-A2DE-4E055EA30EFB}.Release|Any CPU.ActiveCfg = Release|Any CPU
		{6453CB42-F748-4211-A2DE-4E055EA30EFB}.Release|Any CPU.Build.0 = Release|Any CPU
		{8D71F9FF-2421-4FA7-A24B-31FDD7144C52}.Debug|Any CPU.ActiveCfg = Debug|Any CPU
		{8D71F9FF-2421-4FA7-A24B-31FDD7144C52}.Debug|Any CPU.Build.0 = Debug|Any CPU
		{8D71F9FF-2421-4FA7-A24B-31FDD7144C52}.Release|Any CPU.ActiveCfg = Release|Any CPU
		{8D71F9FF-2421-4FA7-A24B-31FDD7144C52}.Release|Any CPU.Build.0 = Release|Any CPU
		{16040057-5D97-41F8-BFF7-8528C9FA5D2F}.Debug|Any CPU.ActiveCfg = Debug|Any CPU
		{16040057-5D97-41F8-BFF7-8528C9FA5D2F}.Debug|Any CPU.Build.0 = Debug|Any CPU
		{16040057-5D97-41F8-BFF7-8528C9FA5D2F}.Release|Any CPU.ActiveCfg = Release|Any CPU
		{16040057-5D97-41F8-BFF7-8528C9FA5D2F}.Release|Any CPU.Build.0 = Release|Any CPU
		{6CDD46BF-E852-4B5B-9ABA-F630EA6DFDE2}.Debug|Any CPU.ActiveCfg = Debug|Any CPU
		{6CDD46BF-E852-4B5B-9ABA-F630EA6DFDE2}.Debug|Any CPU.Build.0 = Debug|Any CPU
		{6CDD46BF-E852-4B5B-9ABA-F630EA6DFDE2}.Release|Any CPU.ActiveCfg = Release|Any CPU
		{6CDD46BF-E852-4B5B-9ABA-F630EA6DFDE2}.Release|Any CPU.Build.0 = Release|Any CPU
		{BC2EA73B-9AF7-41A3-9003-A552D8D8327A}.Debug|Any CPU.ActiveCfg = Debug|Any CPU
		{BC2EA73B-9AF7-41A3-9003-A552D8D8327A}.Debug|Any CPU.Build.0 = Debug|Any CPU
		{BC2EA73B-9AF7-41A3-9003-A552D8D8327A}.Release|Any CPU.ActiveCfg = Release|Any CPU
		{BC2EA73B-9AF7-41A3-9003-A552D8D8327A}.Release|Any CPU.Build.0 = Release|Any CPU
		{861EE47A-7FFB-42C8-9ECE-4D654D1BE945}.Debug|Any CPU.ActiveCfg = Debug|Any CPU
		{861EE47A-7FFB-42C8-9ECE-4D654D1BE945}.Debug|Any CPU.Build.0 = Debug|Any CPU
		{861EE47A-7FFB-42C8-9ECE-4D654D1BE945}.Release|Any CPU.ActiveCfg = Release|Any CPU
		{861EE47A-7FFB-42C8-9ECE-4D654D1BE945}.Release|Any CPU.Build.0 = Release|Any CPU
		{758D1DED-049C-4B96-82AA-A0B50D0CCD88}.Debug|Any CPU.ActiveCfg = Debug|Any CPU
		{758D1DED-049C-4B96-82AA-A0B50D0CCD88}.Debug|Any CPU.Build.0 = Debug|Any CPU
		{758D1DED-049C-4B96-82AA-A0B50D0CCD88}.Release|Any CPU.ActiveCfg = Release|Any CPU
		{758D1DED-049C-4B96-82AA-A0B50D0CCD88}.Release|Any CPU.Build.0 = Release|Any CPU
		{668BF952-DF32-407A-B45F-C22E7A14E8FE}.Debug|Any CPU.ActiveCfg = Debug|Any CPU
		{668BF952-DF32-407A-B45F-C22E7A14E8FE}.Debug|Any CPU.Build.0 = Debug|Any CPU
		{668BF952-DF32-407A-B45F-C22E7A14E8FE}.Release|Any CPU.ActiveCfg = Release|Any CPU
		{668BF952-DF32-407A-B45F-C22E7A14E8FE}.Release|Any CPU.Build.0 = Release|Any CPU
		{0C05E240-D568-494E-A6F8-704EFD8019DD}.Debug|Any CPU.ActiveCfg = Debug|Any CPU
		{0C05E240-D568-494E-A6F8-704EFD8019DD}.Debug|Any CPU.Build.0 = Debug|Any CPU
		{0C05E240-D568-494E-A6F8-704EFD8019DD}.Release|Any CPU.ActiveCfg = Release|Any CPU
		{0C05E240-D568-494E-A6F8-704EFD8019DD}.Release|Any CPU.Build.0 = Release|Any CPU
		{BE54F1E7-0C59-42A2-80E4-39CCA6B293C6}.Debug|Any CPU.ActiveCfg = Debug|Any CPU
		{BE54F1E7-0C59-42A2-80E4-39CCA6B293C6}.Debug|Any CPU.Build.0 = Debug|Any CPU
		{BE54F1E7-0C59-42A2-80E4-39CCA6B293C6}.Release|Any CPU.ActiveCfg = Release|Any CPU
		{BE54F1E7-0C59-42A2-80E4-39CCA6B293C6}.Release|Any CPU.Build.0 = Release|Any CPU
		{5CE380B9-A801-45DB-9F06-54974EF3CF29}.Debug|Any CPU.ActiveCfg = Debug|Any CPU
		{5CE380B9-A801-45DB-9F06-54974EF3CF29}.Debug|Any CPU.Build.0 = Debug|Any CPU
		{5CE380B9-A801-45DB-9F06-54974EF3CF29}.Release|Any CPU.ActiveCfg = Release|Any CPU
		{5CE380B9-A801-45DB-9F06-54974EF3CF29}.Release|Any CPU.Build.0 = Release|Any CPU
	EndGlobalSection
	GlobalSection(SolutionProperties) = preSolution
		HideSolutionNode = FALSE
	EndGlobalSection
	GlobalSection(NestedProjects) = preSolution
		{6453CB42-F748-4211-A2DE-4E055EA30EFB} = {45122545-D173-4831-87C7-48B2669D96D5}
		{8D71F9FF-2421-4FA7-A24B-31FDD7144C52} = {45122545-D173-4831-87C7-48B2669D96D5}
		{16040057-5D97-41F8-BFF7-8528C9FA5D2F} = {45122545-D173-4831-87C7-48B2669D96D5}
		{6CDD46BF-E852-4B5B-9ABA-F630EA6DFDE2} = {D8D97FF1-E8FA-47D4-B644-24F68C804F8A}
		{BC2EA73B-9AF7-41A3-9003-A552D8D8327A} = {D8D97FF1-E8FA-47D4-B644-24F68C804F8A}
		{861EE47A-7FFB-42C8-9ECE-4D654D1BE945} = {D8D97FF1-E8FA-47D4-B644-24F68C804F8A}
		{758D1DED-049C-4B96-82AA-A0B50D0CCD88} = {D8D97FF1-E8FA-47D4-B644-24F68C804F8A}
		{668BF952-DF32-407A-B45F-C22E7A14E8FE} = {D8D97FF1-E8FA-47D4-B644-24F68C804F8A}
		{0C05E240-D568-494E-A6F8-704EFD8019DD} = {296A6205-0F2F-4E4B-9A3D-66870F656D5F}
		{BE54F1E7-0C59-42A2-80E4-39CCA6B293C6} = {296A6205-0F2F-4E4B-9A3D-66870F656D5F}
		{5CE380B9-A801-45DB-9F06-54974EF3CF29} = {296A6205-0F2F-4E4B-9A3D-66870F656D5F}
	EndGlobalSection
	GlobalSection(ExtensibilityGlobals) = postSolution
		SolutionGuid = {E29315B1-123D-4166-98F0-0053A9F0D392}
	EndGlobalSection
EndGlobal
